
Microsoft Visual Studio Solution File, Format Version 12.00
# Visual Studio Version 17
VisualStudioVersion = 17.0.31903.59
MinimumVisualStudioVersion = 10.0.40219.1
Project("{F2A71F9B-5D33-465A-A702-920D77279786}") = "Game", "Game\Game.fsproj", "{6D34B351-8DF9-40D0-807F-869D9AA16C28}"
EndProject
Project("{F2A71F9B-5D33-465A-A702-920D77279786}") = "Game.Tests", "Game.Tests\Game.Tests.fsproj", "{BA708266-293D-4093-B325-D248D22F47E0}"
EndProject
Global
	GlobalSection(SolutionConfigurationPlatforms) = preSolution
		Debug|Any CPU = Debug|Any CPU
		Release|Any CPU = Release|Any CPU
	EndGlobalSection
	GlobalSection(SolutionProperties) = preSolution
		HideSolutionNode = FALSE
	EndGlobalSection
	GlobalSection(ProjectConfigurationPlatforms) = postSolution
		{6D34B351-8DF9-40D0-807F-869D9AA16C28}.Debug|Any CPU.ActiveCfg = Debug|Any CPU
		{6D34B351-8DF9-40D0-807F-869D9AA16C28}.Debug|Any CPU.Build.0 = Debug|Any CPU
		{6D34B351-8DF9-40D0-807F-869D9AA16C28}.Release|Any CPU.ActiveCfg = Release|Any CPU
		{6D34B351-8DF9-40D0-807F-869D9AA16C28}.Release|Any CPU.Build.0 = Release|Any CPU
		{BA708266-293D-4093-B325-D248D22F47E0}.Debug|Any CPU.ActiveCfg = Debug|Any CPU
		{BA708266-293D-4093-B325-D248D22F47E0}.Debug|Any CPU.Build.0 = Debug|Any CPU
		{BA708266-293D-4093-B325-D248D22F47E0}.Release|Any CPU.ActiveCfg = Release|Any CPU
		{BA708266-293D-4093-B325-D248D22F47E0}.Release|Any CPU.Build.0 = Release|Any CPU
	EndGlobalSection
EndGlobal
